{
  "version": 4,
  "terraform_version": "1.9.1",
  "serial": 10,
  "lineage": "a30f7af8-b056-c947-b254-368f985873e0",
  "outputs": {
    "vm_id": {
      "value": "025a5356-6a48-7f56-c18b-0fe08ea375cb",
      "type": "string"
    }
  },
  "resources": [
    {
      "mode": "managed",
      "type": "xenserver_vdi",
      "name": "main_disk",
      "provider": "provider[\"registry.terraform.io/xenserver/xenserver\"]",
      "instances": [
        {
          "schema_version": 0,
          "attributes": {
            "id": "dc7d6a47-2b13-4f76-92c9-6b06e756d457",
            "name_description": "",
            "name_label": "Tpa-vm-created-by-terraform-disk",
            "other_config": {},
            "read_only": false,
            "sharable": false,
            "sr_uuid": "e6d750d8-9070-2aa7-b5fd-45297a3ce0ab",
            "type": "user",
            "uuid": "dc7d6a47-2b13-4f76-92c9-6b06e756d457",
            "virtual_size": 53687091200
          },
          "sensitive_attributes": []
        }
      ]
    },
    {
      "mode": "managed",
      "type": "xenserver_vm",
      "name": "new_vm",
      "provider": "provider[\"registry.terraform.io/xenserver/xenserver\"]",
      "instances": [
        {
          "schema_version": 0,
          "attributes": {
            "boot_mode": "uefi_security",
            "boot_order": "cdn",
            "cdrom": "",
            "check_ip_timeout": 0,
            "cores_per_socket": 4,
            "default_ip": "",
            "dynamic_mem_max": 8589934592,
            "dynamic_mem_min": 8589934592,
            "hard_drive": [
              {
                "bootable": true,
                "mode": "RW",
                "vbd_ref": "OpaqueRef:4aadb2b8-aca4-8dd2-94fc-507192b4897f",
                "vdi_uuid": "dc7d6a47-2b13-4f76-92c9-6b06e756d457"
              }
            ],
            "id": "025a5356-6a48-7f56-c18b-0fe08ea375cb",
            "name_description": "",
            "name_label": "Tpa-vm-created-by-terraform",
            "network_interface": [
              {
                "device": "0",
                "mac": "06:0a:1c:16:de:96",
                "network_uuid": "ce09b99f-1aa7-b19f-bc33-96b19657c3cd",
                "other_config": {},
                "vif_ref": "OpaqueRef:13388d0c-925e-6317-cd55-28f6edd305f1"
              }
            ],
            "other_config": {
              "tf_created": "true"
            },
            "static_mem_max": 8589934592,
            "static_mem_min": 8589934592,
            "template_name": "Rocky Linux 8",
            "uuid": "025a5356-6a48-7f56-c18b-0fe08ea375cb",
            "vcpus": 4
          },
          "sensitive_attributes": [],
          "dependencies": [
            "xenserver_vdi.main_disk"
          ]
        }
      ]
    }
  ],
  "check_results": null
}
